
Microsoft Visual Studio Solution File, Format Version 12.00
# Visual Studio 15
VisualStudioVersion = 15.0.27703.2000
MinimumVisualStudioVersion = 10.0.40219.1
Project("{FAE04EC0-301F-11D3-BF4B-00C04F79EFBC}") = "ScalarReturnValuesAndOuputSequences_pg13", "LINQSuccintly\ScalarReturnValuesAndOuputSequences_pg13.csproj", "{2AAA3AC9-F6F9-42AA-BEED-A657B400123D}"
EndProject
Project("{FAE04EC0-301F-11D3-BF4B-00C04F79EFBC}") = "DeferredExecution_pg14", "DeferredExecution_pg14\DeferredExecution_pg14.csproj", "{75C9423A-BE9E-4091-86DC-E6C2709F13FB}"
EndProject
Project("{FAE04EC0-301F-11D3-BF4B-00C04F79EFBC}") = "ToArrayOperator_pg15", "ToArrayOperator_pg15\ToArrayOperator_pg15.csproj", "{A2846718-9A3E-4255-9045-38898626D8EB}"
EndProject
Project("{FAE04EC0-301F-11D3-BF4B-00C04F79EFBC}") = "LocalQuery_pg17", "LocalQuery_pg17\LocalQuery_pg17.csproj", "{4569F91B-01FC-42B6-9017-222DB7B7A957}"
EndProject
Project("{FAE04EC0-301F-11D3-BF4B-00C04F79EFBC}") = "ChainedFluentStyle_pg18", "ChainedQueryOperator_pg18\ChainedFluentStyle_pg18.csproj", "{DDF172F0-2E6D-4FFD-9C7A-3776DBBEABB2}"
EndProject
Project("{FAE04EC0-301F-11D3-BF4B-00C04F79EFBC}") = "ChainedQueryStyle_pg21", "ChainedQueryStyle_pg21\ChainedQueryStyle_pg21.csproj", "{A66C6AD9-E340-454A-9518-DE75D4992261}"
EndProject
Project("{FAE04EC0-301F-11D3-BF4B-00C04F79EFBC}") = "LetRangeVariable_pg22", "LetRangeVariable\LetRangeVariable_pg22.csproj", "{28D3880C-5A69-426F-84F9-BBAB40A7A016}"
EndProject
Project("{FAE04EC0-301F-11D3-BF4B-00C04F79EFBC}") = "LetRangeVariable_pg23", "LetRangeVariable_pg23\LetRangeVariable_pg23.csproj", "{04C0FAE4-A24F-4DC3-8AED-9EF0A7039D3D}"
EndProject
Project("{FAE04EC0-301F-11D3-BF4B-00C04F79EFBC}") = "IntoRangeVariable_pg24", "IntoRangeVariable_pg24\IntoRangeVariable_pg24.csproj", "{C5E51A65-0B8B-48E8-B1FE-C50FD67D1F07}"
EndProject
Project("{FAE04EC0-301F-11D3-BF4B-00C04F79EFBC}") = "EquiJoin_pg25", "EquiJoin_pg25\EquiJoin_pg25.csproj", "{44C27367-8937-454A-A22E-D3A1A2862FB9}"
EndProject
Project("{FAE04EC0-301F-11D3-BF4B-00C04F79EFBC}") = "GroupJoin_pg27", "GroupJoin_pg27\GroupJoin_pg27.csproj", "{C4FDA41A-6BBC-4843-86C2-1F72A98C0945}"
EndProject
Global
	GlobalSection(SolutionConfigurationPlatforms) = preSolution
		Debug|Any CPU = Debug|Any CPU
		Release|Any CPU = Release|Any CPU
	EndGlobalSection
	GlobalSection(ProjectConfigurationPlatforms) = postSolution
		{2AAA3AC9-F6F9-42AA-BEED-A657B400123D}.Debug|Any CPU.ActiveCfg = Debug|Any CPU
		{2AAA3AC9-F6F9-42AA-BEED-A657B400123D}.Debug|Any CPU.Build.0 = Debug|Any CPU
		{2AAA3AC9-F6F9-42AA-BEED-A657B400123D}.Release|Any CPU.ActiveCfg = Release|Any CPU
		{2AAA3AC9-F6F9-42AA-BEED-A657B400123D}.Release|Any CPU.Build.0 = Release|Any CPU
		{75C9423A-BE9E-4091-86DC-E6C2709F13FB}.Debug|Any CPU.ActiveCfg = Debug|Any CPU
		{75C9423A-BE9E-4091-86DC-E6C2709F13FB}.Debug|Any CPU.Build.0 = Debug|Any CPU
		{75C9423A-BE9E-4091-86DC-E6C2709F13FB}.Release|Any CPU.ActiveCfg = Release|Any CPU
		{75C9423A-BE9E-4091-86DC-E6C2709F13FB}.Release|Any CPU.Build.0 = Release|Any CPU
		{A2846718-9A3E-4255-9045-38898626D8EB}.Debug|Any CPU.ActiveCfg = Debug|Any CPU
		{A2846718-9A3E-4255-9045-38898626D8EB}.Debug|Any CPU.Build.0 = Debug|Any CPU
		{A2846718-9A3E-4255-9045-38898626D8EB}.Release|Any CPU.ActiveCfg = Release|Any CPU
		{A2846718-9A3E-4255-9045-38898626D8EB}.Release|Any CPU.Build.0 = Release|Any CPU
		{4569F91B-01FC-42B6-9017-222DB7B7A957}.Debug|Any CPU.ActiveCfg = Debug|Any CPU
		{4569F91B-01FC-42B6-9017-222DB7B7A957}.Debug|Any CPU.Build.0 = Debug|Any CPU
		{4569F91B-01FC-42B6-9017-222DB7B7A957}.Release|Any CPU.ActiveCfg = Release|Any CPU
		{4569F91B-01FC-42B6-9017-222DB7B7A957}.Release|Any CPU.Build.0 = Release|Any CPU
		{DDF172F0-2E6D-4FFD-9C7A-3776DBBEABB2}.Debug|Any CPU.ActiveCfg = Debug|Any CPU
		{DDF172F0-2E6D-4FFD-9C7A-3776DBBEABB2}.Debug|Any CPU.Build.0 = Debug|Any CPU
		{DDF172F0-2E6D-4FFD-9C7A-3776DBBEABB2}.Release|Any CPU.ActiveCfg = Release|Any CPU
		{DDF172F0-2E6D-4FFD-9C7A-3776DBBEABB2}.Release|Any CPU.Build.0 = Release|Any CPU
		{A66C6AD9-E340-454A-9518-DE75D4992261}.Debug|Any CPU.ActiveCfg = Debug|Any CPU
		{A66C6AD9-E340-454A-9518-DE75D4992261}.Debug|Any CPU.Build.0 = Debug|Any CPU
		{A66C6AD9-E340-454A-9518-DE75D4992261}.Release|Any CPU.ActiveCfg = Release|Any CPU
		{A66C6AD9-E340-454A-9518-DE75D4992261}.Release|Any CPU.Build.0 = Release|Any CPU
		{28D3880C-5A69-426F-84F9-BBAB40A7A016}.Debug|Any CPU.ActiveCfg = Debug|Any CPU
		{28D3880C-5A69-426F-84F9-BBAB40A7A016}.Debug|Any CPU.Build.0 = Debug|Any CPU
		{28D3880C-5A69-426F-84F9-BBAB40A7A016}.Release|Any CPU.ActiveCfg = Release|Any CPU
		{28D3880C-5A69-426F-84F9-BBAB40A7A016}.Release|Any CPU.Build.0 = Release|Any CPU
		{04C0FAE4-A24F-4DC3-8AED-9EF0A7039D3D}.Debug|Any CPU.ActiveCfg = Debug|Any CPU
		{04C0FAE4-A24F-4DC3-8AED-9EF0A7039D3D}.Debug|Any CPU.Build.0 = Debug|Any CPU
		{04C0FAE4-A24F-4DC3-8AED-9EF0A7039D3D}.Release|Any CPU.ActiveCfg = Release|Any CPU
		{04C0FAE4-A24F-4DC3-8AED-9EF0A7039D3D}.Release|Any CPU.Build.0 = Release|Any CPU
		{C5E51A65-0B8B-48E8-B1FE-C50FD67D1F07}.Debug|Any CPU.ActiveCfg = Debug|Any CPU
		{C5E51A65-0B8B-48E8-B1FE-C50FD67D1F07}.Debug|Any CPU.Build.0 = Debug|Any CPU
		{C5E51A65-0B8B-48E8-B1FE-C50FD67D1F07}.Release|Any CPU.ActiveCfg = Release|Any CPU
		{C5E51A65-0B8B-48E8-B1FE-C50FD67D1F07}.Release|Any CPU.Build.0 = Release|Any CPU
		{44C27367-8937-454A-A22E-D3A1A2862FB9}.Debug|Any CPU.ActiveCfg = Debug|Any CPU
		{44C27367-8937-454A-A22E-D3A1A2862FB9}.Debug|Any CPU.Build.0 = Debug|Any CPU
		{44C27367-8937-454A-A22E-D3A1A2862FB9}.Release|Any CPU.ActiveCfg = Release|Any CPU
		{44C27367-8937-454A-A22E-D3A1A2862FB9}.Release|Any CPU.Build.0 = Release|Any CPU
		{C4FDA41A-6BBC-4843-86C2-1F72A98C0945}.Debug|Any CPU.ActiveCfg = Debug|Any CPU
		{C4FDA41A-6BBC-4843-86C2-1F72A98C0945}.Debug|Any CPU.Build.0 = Debug|Any CPU
		{C4FDA41A-6BBC-4843-86C2-1F72A98C0945}.Release|Any CPU.ActiveCfg = Release|Any CPU
		{C4FDA41A-6BBC-4843-86C2-1F72A98C0945}.Release|Any CPU.Build.0 = Release|Any CPU
	EndGlobalSection
	GlobalSection(SolutionProperties) = preSolution
		HideSolutionNode = FALSE
	EndGlobalSection
	GlobalSection(ExtensibilityGlobals) = postSolution
		SolutionGuid = {E3ED8360-7BB6-44A9-870C-FA6940930BF2}
	EndGlobalSection
EndGlobal
